
Microsoft Visual Studio Solution File, Format Version 12.00
# Visual Studio Version 16
VisualStudioVersion = 16.0.31624.102
MinimumVisualStudioVersion = 10.0.40219.1
Project("{FAE04EC0-301F-11D3-BF4B-00C04F79EFBC}") = "Prodajalnik", "Prodajalnik\Prodajalnik.csproj", "{277AE42F-907F-4914-9933-3A43EF5F845B}"
EndProject
Global
	GlobalSection(SolutionConfigurationPlatforms) = preSolution
		Debug|Any CPU = Debug|Any CPU
		Release|Any CPU = Release|Any CPU
	EndGlobalSection
	GlobalSection(ProjectConfigurationPlatforms) = postSolution
		{277AE42F-907F-4914-9933-3A43EF5F845B}.Debug|Any CPU.ActiveCfg = Debug|Any CPU
		{277AE42F-907F-4914-9933-3A43EF5F845B}.Debug|Any CPU.Build.0 = Debug|Any CPU
		{277AE42F-907F-4914-9933-3A43EF5F845B}.Release|Any CPU.ActiveCfg = Release|Any CPU
		{277AE42F-907F-4914-9933-3A43EF5F845B}.Release|Any CPU.Build.0 = Release|Any CPU
	EndGlobalSection
	GlobalSection(SolutionProperties) = preSolution
		HideSolutionNode = FALSE
	EndGlobalSection
	GlobalSection(ExtensibilityGlobals) = postSolution
		SolutionGuid = {39165974-6134-449B-91C2-F3FC47277E44}
	EndGlobalSection
EndGlobal
