
Microsoft Visual Studio Solution File, Format Version 12.00
# Visual Studio Version 16
VisualStudioVersion = 16.0.31624.102
MinimumVisualStudioVersion = 10.0.40219.1
Project("{FAE04EC0-301F-11D3-BF4B-00C04F79EFBC}") = "Adapt", "Adapt\Adapt.csproj", "{FDF6F3A6-C6AA-4FF6-91EF-4709550E2B6B}"
EndProject
Global
	GlobalSection(SolutionConfigurationPlatforms) = preSolution
		Debug|ARM = Debug|ARM
		Debug|ARM64 = Debug|ARM64
		Debug|x64 = Debug|x64
		Debug|x86 = Debug|x86
		Release|ARM = Release|ARM
		Release|ARM64 = Release|ARM64
		Release|x64 = Release|x64
		Release|x86 = Release|x86
	EndGlobalSection
	GlobalSection(ProjectConfigurationPlatforms) = postSolution
		{FDF6F3A6-C6AA-4FF6-91EF-4709550E2B6B}.Debug|ARM.ActiveCfg = Debug|ARM
		{FDF6F3A6-C6AA-4FF6-91EF-4709550E2B6B}.Debug|ARM.Build.0 = Debug|ARM
		{FDF6F3A6-C6AA-4FF6-91EF-4709550E2B6B}.Debug|ARM.Deploy.0 = Debug|ARM
		{FDF6F3A6-C6AA-4FF6-91EF-4709550E2B6B}.Debug|ARM64.ActiveCfg = Debug|ARM64
		{FDF6F3A6-C6AA-4FF6-91EF-4709550E2B6B}.Debug|ARM64.Build.0 = Debug|ARM64
		{FDF6F3A6-C6AA-4FF6-91EF-4709550E2B6B}.Debug|ARM64.Deploy.0 = Debug|ARM64
		{FDF6F3A6-C6AA-4FF6-91EF-4709550E2B6B}.Debug|x64.ActiveCfg = Debug|x64
		{FDF6F3A6-C6AA-4FF6-91EF-4709550E2B6B}.Debug|x64.Build.0 = Debug|x64
		{FDF6F3A6-C6AA-4FF6-91EF-4709550E2B6B}.Debug|x64.Deploy.0 = Debug|x64
		{FDF6F3A6-C6AA-4FF6-91EF-4709550E2B6B}.Debug|x86.ActiveCfg = Debug|x86
		{FDF6F3A6-C6AA-4FF6-91EF-4709550E2B6B}.Debug|x86.Build.0 = Debug|x86
		{FDF6F3A6-C6AA-4FF6-91EF-4709550E2B6B}.Debug|x86.Deploy.0 = Debug|x86
		{FDF6F3A6-C6AA-4FF6-91EF-4709550E2B6B}.Release|ARM.ActiveCfg = Release|ARM
		{FDF6F3A6-C6AA-4FF6-91EF-4709550E2B6B}.Release|ARM.Build.0 = Release|ARM
		{FDF6F3A6-C6AA-4FF6-91EF-4709550E2B6B}.Release|ARM.Deploy.0 = Release|ARM
		{FDF6F3A6-C6AA-4FF6-91EF-4709550E2B6B}.Release|ARM64.ActiveCfg = Release|ARM64
		{FDF6F3A6-C6AA-4FF6-91EF-4709550E2B6B}.Release|ARM64.Build.0 = Release|ARM64
		{FDF6F3A6-C6AA-4FF6-91EF-4709550E2B6B}.Release|ARM64.Deploy.0 = Release|ARM64
		{FDF6F3A6-C6AA-4FF6-91EF-4709550E2B6B}.Release|x64.ActiveCfg = Release|x64
		{FDF6F3A6-C6AA-4FF6-91EF-4709550E2B6B}.Release|x64.Build.0 = Release|x64
		{FDF6F3A6-C6AA-4FF6-91EF-4709550E2B6B}.Release|x64.Deploy.0 = Release|x64
		{FDF6F3A6-C6AA-4FF6-91EF-4709550E2B6B}.Release|x86.ActiveCfg = Release|x86
		{FDF6F3A6-C6AA-4FF6-91EF-4709550E2B6B}.Release|x86.Build.0 = Release|x86
		{FDF6F3A6-C6AA-4FF6-91EF-4709550E2B6B}.Release|x86.Deploy.0 = Release|x86
	EndGlobalSection
	GlobalSection(SolutionProperties) = preSolution
		HideSolutionNode = FALSE
	EndGlobalSection
	GlobalSection(ExtensibilityGlobals) = postSolution
		SolutionGuid = {49601652-F9A7-4882-B0C3-D75FE41B0DD7}
	EndGlobalSection
EndGlobal
